
Microsoft Visual Studio Solution File, Format Version 12.00
# Visual Studio Version 17
VisualStudioVersion = 17.10.35122.118
MinimumVisualStudioVersion = 10.0.40219.1
Project("{9A19103F-16F7-4668-BE54-9A1E7A4F7556}") = "2024_PracLesson", "2024_PracLesson\2024_PracLesson.csproj", "{8B586702-4AD4-452D-9294-EFF9DA846B2F}"
EndProject
Project("{FAE04EC0-301F-11D3-BF4B-00C04F79EFBC}") = "2024_MSTest", "2024_MSTest\2024_MSTest.csproj", "{3D63CDB5-BADE-459C-B40E-F66BE95EB5E9}"
EndProject
Global
	GlobalSection(SolutionConfigurationPlatforms) = preSolution
		Debug|Any CPU = Debug|Any CPU
		Release|Any CPU = Release|Any CPU
	EndGlobalSection
	GlobalSection(ProjectConfigurationPlatforms) = postSolution
		{8B586702-4AD4-452D-9294-EFF9DA846B2F}.Debug|Any CPU.ActiveCfg = Debug|Any CPU
		{8B586702-4AD4-452D-9294-EFF9DA846B2F}.Debug|Any CPU.Build.0 = Debug|Any CPU
		{8B586702-4AD4-452D-9294-EFF9DA846B2F}.Release|Any CPU.ActiveCfg = Release|Any CPU
		{8B586702-4AD4-452D-9294-EFF9DA846B2F}.Release|Any CPU.Build.0 = Release|Any CPU
		{3D63CDB5-BADE-459C-B40E-F66BE95EB5E9}.Debug|Any CPU.ActiveCfg = Debug|Any CPU
		{3D63CDB5-BADE-459C-B40E-F66BE95EB5E9}.Debug|Any CPU.Build.0 = Debug|Any CPU
		{3D63CDB5-BADE-459C-B40E-F66BE95EB5E9}.Release|Any CPU.ActiveCfg = Release|Any CPU
		{3D63CDB5-BADE-459C-B40E-F66BE95EB5E9}.Release|Any CPU.Build.0 = Release|Any CPU
	EndGlobalSection
	GlobalSection(SolutionProperties) = preSolution
		HideSolutionNode = FALSE
	EndGlobalSection
	GlobalSection(ExtensibilityGlobals) = postSolution
		SolutionGuid = {DD12181D-7E98-4227-B08D-EC5142EC6E5D}
	EndGlobalSection
EndGlobal
